
Microsoft Visual Studio Solution File, Format Version 12.00
# Visual Studio Version 16
VisualStudioVersion = 16.0.33423.256
MinimumVisualStudioVersion = 10.0.40219.1
Project("{8BC9CEB8-8B4A-11D0-8D11-00A0C91BC942}") = "Frog", "Frog\Frog.vcxproj", "{238ACF6E-0180-4650-B6CA-E5D095D01BFA}"
EndProject
Project("{8BC9CEB8-8B4A-11D0-8D11-00A0C91BC942}") = "Server", "Server\Server.vcxproj", "{3D881697-0CE2-48E4-8168-77FE0CEA0FA5}"
EndProject
Project("{8BC9CEB8-8B4A-11D0-8D11-00A0C91BC942}") = "Operator", "Operator\Operator.vcxproj", "{9F0352E7-F55D-4DEC-82B1-9B8558DA32DF}"
EndProject
Project("{8BC9CEB8-8B4A-11D0-8D11-00A0C91BC942}") = "Registry", "Registry\Registry.vcxproj", "{1E014041-E35A-4F78-9D5A-518210C85A60}"
EndProject
Global
	GlobalSection(SolutionConfigurationPlatforms) = preSolution
		Debug|x64 = Debug|x64
		Debug|x86 = Debug|x86
		Release|x64 = Release|x64
		Release|x86 = Release|x86
	EndGlobalSection
	GlobalSection(ProjectConfigurationPlatforms) = postSolution
		{238ACF6E-0180-4650-B6CA-E5D095D01BFA}.Debug|x64.ActiveCfg = Debug|x64
		{238ACF6E-0180-4650-B6CA-E5D095D01BFA}.Debug|x64.Build.0 = Debug|x64
		{238ACF6E-0180-4650-B6CA-E5D095D01BFA}.Debug|x86.ActiveCfg = Debug|Win32
		{238ACF6E-0180-4650-B6CA-E5D095D01BFA}.Debug|x86.Build.0 = Debug|Win32
		{238ACF6E-0180-4650-B6CA-E5D095D01BFA}.Release|x64.ActiveCfg = Release|x64
		{238ACF6E-0180-4650-B6CA-E5D095D01BFA}.Release|x64.Build.0 = Release|x64
		{238ACF6E-0180-4650-B6CA-E5D095D01BFA}.Release|x86.ActiveCfg = Release|Win32
		{238ACF6E-0180-4650-B6CA-E5D095D01BFA}.Release|x86.Build.0 = Release|Win32
		{3D881697-0CE2-48E4-8168-77FE0CEA0FA5}.Debug|x64.ActiveCfg = Debug|x64
		{3D881697-0CE2-48E4-8168-77FE0CEA0FA5}.Debug|x64.Build.0 = Debug|x64
		{3D881697-0CE2-48E4-8168-77FE0CEA0FA5}.Debug|x86.ActiveCfg = Debug|Win32
		{3D881697-0CE2-48E4-8168-77FE0CEA0FA5}.Debug|x86.Build.0 = Debug|Win32
		{3D881697-0CE2-48E4-8168-77FE0CEA0FA5}.Release|x64.ActiveCfg = Release|x64
		{3D881697-0CE2-48E4-8168-77FE0CEA0FA5}.Release|x64.Build.0 = Release|x64
		{3D881697-0CE2-48E4-8168-77FE0CEA0FA5}.Release|x86.ActiveCfg = Release|Win32
		{3D881697-0CE2-48E4-8168-77FE0CEA0FA5}.Release|x86.Build.0 = Release|Win32
		{9F0352E7-F55D-4DEC-82B1-9B8558DA32DF}.Debug|x64.ActiveCfg = Debug|x64
		{9F0352E7-F55D-4DEC-82B1-9B8558DA32DF}.Debug|x64.Build.0 = Debug|x64
		{9F0352E7-F55D-4DEC-82B1-9B8558DA32DF}.Debug|x86.ActiveCfg = Debug|Win32
		{9F0352E7-F55D-4DEC-82B1-9B8558DA32DF}.Debug|x86.Build.0 = Debug|Win32
		{9F0352E7-F55D-4DEC-82B1-9B8558DA32DF}.Release|x64.ActiveCfg = Release|x64
		{9F0352E7-F55D-4DEC-82B1-9B8558DA32DF}.Release|x64.Build.0 = Release|x64
		{9F0352E7-F55D-4DEC-82B1-9B8558DA32DF}.Release|x86.ActiveCfg = Release|Win32
		{9F0352E7-F55D-4DEC-82B1-9B8558DA32DF}.Release|x86.Build.0 = Release|Win32
		{1E014041-E35A-4F78-9D5A-518210C85A60}.Debug|x64.ActiveCfg = Debug|x64
		{1E014041-E35A-4F78-9D5A-518210C85A60}.Debug|x64.Build.0 = Debug|x64
		{1E014041-E35A-4F78-9D5A-518210C85A60}.Debug|x86.ActiveCfg = Debug|Win32
		{1E014041-E35A-4F78-9D5A-518210C85A60}.Debug|x86.Build.0 = Debug|Win32
		{1E014041-E35A-4F78-9D5A-518210C85A60}.Release|x64.ActiveCfg = Release|x64
		{1E014041-E35A-4F78-9D5A-518210C85A60}.Release|x64.Build.0 = Release|x64
		{1E014041-E35A-4F78-9D5A-518210C85A60}.Release|x86.ActiveCfg = Release|Win32
		{1E014041-E35A-4F78-9D5A-518210C85A60}.Release|x86.Build.0 = Release|Win32
	EndGlobalSection
	GlobalSection(SolutionProperties) = preSolution
		HideSolutionNode = FALSE
	EndGlobalSection
	GlobalSection(ExtensibilityGlobals) = postSolution
		SolutionGuid = {5DF47B43-AFAA-4C29-BECF-F75F638CCF7A}
	EndGlobalSection
EndGlobal
